
Microsoft Visual Studio Solution File, Format Version 12.00
# Visual Studio 2012
Project("{FAE04EC0-301F-11D3-BF4B-00C04F79EFBC}") = "MacT4-Succ-Text", "MacT4-Succ-Text.csproj", "{0C8B5763-33DC-42AD-9649-5230E4857A73}"
EndProject
Global
	GlobalSection(SolutionConfigurationPlatforms) = preSolution
		Debug|x86 = Debug|x86
		Release|x86 = Release|x86
	EndGlobalSection
	GlobalSection(ProjectConfigurationPlatforms) = postSolution
		{0C8B5763-33DC-42AD-9649-5230E4857A73}.Debug|x86.ActiveCfg = Debug|x86
		{0C8B5763-33DC-42AD-9649-5230E4857A73}.Debug|x86.Build.0 = Debug|x86
		{0C8B5763-33DC-42AD-9649-5230E4857A73}.Release|x86.ActiveCfg = Release|x86
		{0C8B5763-33DC-42AD-9649-5230E4857A73}.Release|x86.Build.0 = Release|x86
	EndGlobalSection
EndGlobal
